
Microsoft Visual Studio Solution File, Format Version 12.00
# Visual Studio Version 16
VisualStudioVersion = 16.0.33328.57
MinimumVisualStudioVersion = 10.0.40219.1
Project("{9A19103F-16F7-4668-BE54-9A1E7A4F7556}") = "Intex2", "Intex2.csproj", "{463B7450-0D2B-4495-8BF3-1D7E1055E5C0}"
EndProject
Project("{9A19103F-16F7-4668-BE54-9A1E7A4F7556}") = "IdentityManagerUI", "..\IdentityManagerUI\IdentityManagerUI.csproj", "{557B9C65-1C9A-4F91-A39F-20A73C5A0596}"
EndProject
Global
	GlobalSection(SolutionConfigurationPlatforms) = preSolution
		Debug|Any CPU = Debug|Any CPU
		Release|Any CPU = Release|Any CPU
	EndGlobalSection
	GlobalSection(ProjectConfigurationPlatforms) = postSolution
		{463B7450-0D2B-4495-8BF3-1D7E1055E5C0}.Debug|Any CPU.ActiveCfg = Debug|Any CPU
		{463B7450-0D2B-4495-8BF3-1D7E1055E5C0}.Debug|Any CPU.Build.0 = Debug|Any CPU
		{463B7450-0D2B-4495-8BF3-1D7E1055E5C0}.Release|Any CPU.ActiveCfg = Release|Any CPU
		{463B7450-0D2B-4495-8BF3-1D7E1055E5C0}.Release|Any CPU.Build.0 = Release|Any CPU
		{557B9C65-1C9A-4F91-A39F-20A73C5A0596}.Debug|Any CPU.ActiveCfg = Debug|Any CPU
		{557B9C65-1C9A-4F91-A39F-20A73C5A0596}.Debug|Any CPU.Build.0 = Debug|Any CPU
		{557B9C65-1C9A-4F91-A39F-20A73C5A0596}.Release|Any CPU.ActiveCfg = Release|Any CPU
		{557B9C65-1C9A-4F91-A39F-20A73C5A0596}.Release|Any CPU.Build.0 = Release|Any CPU
	EndGlobalSection
	GlobalSection(SolutionProperties) = preSolution
		HideSolutionNode = FALSE
	EndGlobalSection
	GlobalSection(ExtensibilityGlobals) = postSolution
		SolutionGuid = {25D75839-5FC4-4669-AF46-69242B1B9584}
	EndGlobalSection
EndGlobal
